
Microsoft Visual Studio Solution File, Format Version 12.00
# Visual Studio 15
VisualStudioVersion = 15.0.28307.757
MinimumVisualStudioVersion = 10.0.40219.1
Project("{8BC9CEB8-8B4A-11D0-8D11-00A0C91BC942}") = "gvimbackground", "gvimbackground\gvimbackground.vcxproj", "{29D074C9-98A8-4051-9681-A461C8253F0F}"
EndProject
Global
	GlobalSection(SolutionConfigurationPlatforms) = preSolution
		Debug|x64 = Debug|x64
		Debug|x86 = Debug|x86
		Release|x64 = Release|x64
		Release|x86 = Release|x86
	EndGlobalSection
	GlobalSection(ProjectConfigurationPlatforms) = postSolution
		{29D074C9-98A8-4051-9681-A461C8253F0F}.Debug|x64.ActiveCfg = Debug|x64
		{29D074C9-98A8-4051-9681-A461C8253F0F}.Debug|x64.Build.0 = Debug|x64
		{29D074C9-98A8-4051-9681-A461C8253F0F}.Debug|x86.ActiveCfg = Debug|Win32
		{29D074C9-98A8-4051-9681-A461C8253F0F}.Debug|x86.Build.0 = Debug|Win32
		{29D074C9-98A8-4051-9681-A461C8253F0F}.Release|x64.ActiveCfg = Release|x64
		{29D074C9-98A8-4051-9681-A461C8253F0F}.Release|x64.Build.0 = Release|x64
		{29D074C9-98A8-4051-9681-A461C8253F0F}.Release|x86.ActiveCfg = Release|Win32
		{29D074C9-98A8-4051-9681-A461C8253F0F}.Release|x86.Build.0 = Release|Win32
	EndGlobalSection
	GlobalSection(SolutionProperties) = preSolution
		HideSolutionNode = FALSE
	EndGlobalSection
	GlobalSection(ExtensibilityGlobals) = postSolution
		SolutionGuid = {82A36FE0-BB92-4641-BAFE-8A82C7115F85}
	EndGlobalSection
EndGlobal
